
Microsoft Visual Studio Solution File, Format Version 12.00
# Visual Studio Version 17
VisualStudioVersion = 17.3.32922.545
MinimumVisualStudioVersion = 10.0.40219.1
Project("{8BC9CEB8-8B4A-11D0-8D11-00A0C91BC942}") = "SX_InsertSort", "InsertSort\InsertSort.vcxproj", "{F6C31D96-16B4-4DD6-8F04-EE859A15BC33}"
EndProject
Project("{8BC9CEB8-8B4A-11D0-8D11-00A0C91BC942}") = "SX_MergeSort", "MergeSort\MergeSort.vcxproj", "{6B9AFF75-23D8-402C-9E96-B0F10DBFCC88}"
EndProject
Project("{8BC9CEB8-8B4A-11D0-8D11-00A0C91BC942}") = "SX_QuickSort", "QuickSort\QuickSort.vcxproj", "{1F54329A-A50A-4EAF-8B87-303565AB45F7}"
EndProject
Project("{8BC9CEB8-8B4A-11D0-8D11-00A0C91BC942}") = "Tim_kiem_Nhi_phan", "Tim_kiem_Nhi_phan\Tim_kiem_Nhi_phan.vcxproj", "{C9B63E8F-6052-409D-A4F1-6D4EE57EA423}"
EndProject
Project("{8BC9CEB8-8B4A-11D0-8D11-00A0C91BC942}") = "QHD_DoiTien", "Doi_tien_QHD\Doi_tien_QHD.vcxproj", "{802CC822-C866-41BD-802C-7567BF7A9916}"
EndProject
Project("{8BC9CEB8-8B4A-11D0-8D11-00A0C91BC942}") = "QL_XauNhiPhan", "QL_XauNhiPhan\QL_XauNhiPhan.vcxproj", "{ED96A111-F564-428E-90E1-562842519908}"
EndProject
Project("{8BC9CEB8-8B4A-11D0-8D11-00A0C91BC942}") = "QL_ToHopChapKofN", "QL_ToHopChapKofN\QL_ToHopChapKofN.vcxproj", "{3ED924B5-D8B4-45C1-B3D9-A7E3FE820CE7}"
EndProject
Project("{8BC9CEB8-8B4A-11D0-8D11-00A0C91BC942}") = "QL_HoanVi", "QL_HoanVi\QL_HoanVi.vcxproj", "{CD599633-DFE6-40EF-9C1B-10B9B6AA0FC9}"
EndProject
Project("{8BC9CEB8-8B4A-11D0-8D11-00A0C91BC942}") = "QL_ConHau", "QL_ConHau\QL_ConHau.vcxproj", "{923BD6AA-2FD0-48FC-9824-C7DEE23B35EC}"
EndProject
Project("{8BC9CEB8-8B4A-11D0-8D11-00A0C91BC942}") = "BT_", "BT_\BT_.vcxproj", "{231D08B5-39FD-4D73-9D9D-063D092E061B}"
EndProject
Project("{8BC9CEB8-8B4A-11D0-8D11-00A0C91BC942}") = "SX_HeapSort", "SX_HeapSort\SX_HeapSort.vcxproj", "{5CBA74EB-6633-46D4-AA05-B59D1A3F2D33}"
EndProject
Project("{8BC9CEB8-8B4A-11D0-8D11-00A0C91BC942}") = "DSLK_Don", "DSLK_Don\DSLK_Don.vcxproj", "{A15F4E4C-3694-4CF6-986B-B4F3A15983C8}"
EndProject
Project("{8BC9CEB8-8B4A-11D0-8D11-00A0C91BC942}") = "SX_binary_Insertion", "SX_binary_Insertion\SX_binary_Insertion.vcxproj", "{3EC1B75A-23F0-4890-9E9F-5125D4774EF0}"
EndProject
Project("{8BC9CEB8-8B4A-11D0-8D11-00A0C91BC942}") = "H_index", "H_index\H_index.vcxproj", "{4471A9CD-AFF8-4B7B-813E-05845BDC3659}"
EndProject
Project("{8BC9CEB8-8B4A-11D0-8D11-00A0C91BC942}") = "Sort_2D", "Sort_2D\Sort_2D.vcxproj", "{3DE71876-6AC7-4F69-BE96-0137F9A8745E}"
EndProject
Project("{8BC9CEB8-8B4A-11D0-8D11-00A0C91BC942}") = "DSLK_Don_Them_Xoa", "DSLK_Don_Them_Xoa\DSLK_Don_Them_Xoa.vcxproj", "{0A71FD52-F929-4D0B-A159-3C6F9E299953}"
EndProject
Project("{8BC9CEB8-8B4A-11D0-8D11-00A0C91BC942}") = "TL_KhoaSo", "TL.KhoaSo\TL.KhoaSo.vcxproj", "{995930AD-17BE-4107-B411-9EC3BBFAA808}"
EndProject
Project("{8BC9CEB8-8B4A-11D0-8D11-00A0C91BC942}") = "Stack_CaiDat", "Stack_CaiDat\Stack_CaiDat.vcxproj", "{10073C8C-3E15-4108-A6C0-ECB5F901BC70}"
EndProject
Project("{8BC9CEB8-8B4A-11D0-8D11-00A0C91BC942}") = "Queue_CaiDat", "Queue_CaiDat\Queue_CaiDat.vcxproj", "{2C4D0586-9FB7-4FC8-BA4B-3A4DFDCA66CC}"
EndProject
Project("{8BC9CEB8-8B4A-11D0-8D11-00A0C91BC942}") = "Cay_NPTK", "Cay_NPTK\Cay_NPTK.vcxproj", "{89E8A189-9B3C-4188-93C7-D8361389CC97}"
EndProject
Project("{8BC9CEB8-8B4A-11D0-8D11-00A0C91BC942}") = "Stack_Ki_TuBaLan", "Stack_Ki_TuBaLan\Stack_Ki_TuBaLan.vcxproj", "{603ED87F-629E-4B62-8AEE-1D6BCBFC7427}"
EndProject
Project("{8BC9CEB8-8B4A-11D0-8D11-00A0C91BC942}") = "Queue_In", "Queue_In\Queue_In.vcxproj", "{F717A629-036B-4FA7-9EFD-54CDA49C3996}"
EndProject
Project("{8BC9CEB8-8B4A-11D0-8D11-00A0C91BC942}") = "Queue_TramThuPhi", "Queue_TramThuPhi\Queue_TramThuPhi.vcxproj", "{D7D7001C-AB7B-432C-8EF5-9438C61011FE}"
EndProject
Project("{8BC9CEB8-8B4A-11D0-8D11-00A0C91BC942}") = "Map_", "Map_\Map_.vcxproj", "{F930CAAF-2B80-4182-BFC0-1A93217901E0}"
EndProject
Project("{8BC9CEB8-8B4A-11D0-8D11-00A0C91BC942}") = "Set_", "Set_\Set_.vcxproj", "{3DB763D9-9E5E-4165-8DDF-687CD1A5C2F2}"
EndProject
Project("{8BC9CEB8-8B4A-11D0-8D11-00A0C91BC942}") = "Stack_DauNgoac", "Stack_DauNgoac\Stack_DauNgoac.vcxproj", "{5EBD3F57-CCEE-4078-8C86-417C1DD93595}"
EndProject
Project("{8BC9CEB8-8B4A-11D0-8D11-00A0C91BC942}") = "Stack_ MaximumRectangularAreaInHistogram", "Stack_ MaximumRectangularAreaInHistogram\Stack_ MaximumRectangularAreaInHistogram.vcxproj", "{2F1D15E7-BEC6-4AA5-B687-9958CBC71B16}"
EndProject
Project("{8BC9CEB8-8B4A-11D0-8D11-00A0C91BC942}") = "Queue_InSoNhiPhan", "Queue_InSoNhiPhan\Queue_InSoNhiPhan.vcxproj", "{1D63EC63-9427-40A8-8AC7-809769DB2328}"
EndProject
Project("{8BC9CEB8-8B4A-11D0-8D11-00A0C91BC942}") = "Queue_CacThaoTac", "Queue_CacThaoTac\Queue_CacThaoTac.vcxproj", "{3109069C-1732-4E08-88C9-DA34ED714EAC}"
EndProject
Project("{8BC9CEB8-8B4A-11D0-8D11-00A0C91BC942}") = "Cay_AVL", "Cay_AVL\Cay_AVL.vcxproj", "{B0253ECC-4992-48D9-9BAD-906148E14382}"
EndProject
Project("{8BC9CEB8-8B4A-11D0-8D11-00A0C91BC942}") = "HB_NoiTrucTiep", "Hash_Table\Hash_Table.vcxproj", "{BAEA820E-ACD9-4329-BF46-1D057D2969AF}"
EndProject
Project("{8BC9CEB8-8B4A-11D0-8D11-00A0C91BC942}") = "HB_NoiKetHopNhat", "HB_NoiKetHopNhat\HB_NoiKetHopNhat.vcxproj", "{6FCA16E9-22C9-4E76-AFCA-A69273EF7FA4}"
EndProject
Project("{8BC9CEB8-8B4A-11D0-8D11-00A0C91BC942}") = "HB_DoTuyenTinh", "HB_DoTuyenTinh\HB_DoTuyenTinh.vcxproj", "{CC48B036-2066-418D-898F-FCD59660FDA3}"
EndProject
Project("{8BC9CEB8-8B4A-11D0-8D11-00A0C91BC942}") = "Graph_DFS", "Graph_DFS\Graph_DFS.vcxproj", "{BF71CA32-CBE8-4519-AF28-3373340213C8}"
EndProject
Project("{8BC9CEB8-8B4A-11D0-8D11-00A0C91BC942}") = "Graph_BFS", "Graph_BFS\Graph_BFS.vcxproj", "{0EB2FF2F-D349-4A38-87B2-B3AFA6D893E6}"
EndProject
Project("{8BC9CEB8-8B4A-11D0-8D11-00A0C91BC942}") = "Graph_TimDuongDi", "Graph_TimDuongDi\Graph_TimDuongDi.vcxproj", "{8D3DEF4E-39E2-4A5A-8AE0-6F31C7EB5732}"
EndProject
Project("{8BC9CEB8-8B4A-11D0-8D11-00A0C91BC942}") = "Graph_DuyetLuoi", "Graph_DuyetLuoi\Graph_DuyetLuoi.vcxproj", "{E42B8107-B558-49C0-B8A7-C6DDE4AF1952}"
EndProject
Project("{8BC9CEB8-8B4A-11D0-8D11-00A0C91BC942}") = "Graph_TimChuTrinh", "Graph_TimChuTrinh\Graph_TimChuTrinh.vcxproj", "{BCC2CCD2-4C7C-4CF6-A80D-3183F699B800}"
EndProject
Project("{8BC9CEB8-8B4A-11D0-8D11-00A0C91BC942}") = "HB_CaiDatNode", "HB_CaiDatNode\HB_CaiDatNode.vcxproj", "{9F160EFD-962B-4C09-AF40-A54F03701ECC}"
EndProject
Project("{8BC9CEB8-8B4A-11D0-8D11-00A0C91BC942}") = "Graph_DFS_Update", "DFS_Update\DFS_Update.vcxproj", "{01FB1EE0-658E-4B1C-938E-421839062D82}"
EndProject
Project("{8BC9CEB8-8B4A-11D0-8D11-00A0C91BC942}") = "Graph_Dijkstra", "Graph_Dijkstra\Graph_Dijkstra.vcxproj", "{CC6F28AB-254C-42C1-9861-07B4930A85B9}"
EndProject
Global
	GlobalSection(SolutionConfigurationPlatforms) = preSolution
		Debug|x64 = Debug|x64
		Debug|x86 = Debug|x86
		Release|x64 = Release|x64
		Release|x86 = Release|x86
	EndGlobalSection
	GlobalSection(ProjectConfigurationPlatforms) = postSolution
		{F6C31D96-16B4-4DD6-8F04-EE859A15BC33}.Debug|x64.ActiveCfg = Debug|x64
		{F6C31D96-16B4-4DD6-8F04-EE859A15BC33}.Debug|x64.Build.0 = Debug|x64
		{F6C31D96-16B4-4DD6-8F04-EE859A15BC33}.Debug|x86.ActiveCfg = Debug|Win32
		{F6C31D96-16B4-4DD6-8F04-EE859A15BC33}.Debug|x86.Build.0 = Debug|Win32
		{F6C31D96-16B4-4DD6-8F04-EE859A15BC33}.Release|x64.ActiveCfg = Release|x64
		{F6C31D96-16B4-4DD6-8F04-EE859A15BC33}.Release|x64.Build.0 = Release|x64
		{F6C31D96-16B4-4DD6-8F04-EE859A15BC33}.Release|x86.ActiveCfg = Release|Win32
		{F6C31D96-16B4-4DD6-8F04-EE859A15BC33}.Release|x86.Build.0 = Release|Win32
		{6B9AFF75-23D8-402C-9E96-B0F10DBFCC88}.Debug|x64.ActiveCfg = Debug|x64
		{6B9AFF75-23D8-402C-9E96-B0F10DBFCC88}.Debug|x64.Build.0 = Debug|x64
		{6B9AFF75-23D8-402C-9E96-B0F10DBFCC88}.Debug|x86.ActiveCfg = Debug|Win32
		{6B9AFF75-23D8-402C-9E96-B0F10DBFCC88}.Debug|x86.Build.0 = Debug|Win32
		{6B9AFF75-23D8-402C-9E96-B0F10DBFCC88}.Release|x64.ActiveCfg = Release|x64
		{6B9AFF75-23D8-402C-9E96-B0F10DBFCC88}.Release|x64.Build.0 = Release|x64
		{6B9AFF75-23D8-402C-9E96-B0F10DBFCC88}.Release|x86.ActiveCfg = Release|Win32
		{6B9AFF75-23D8-402C-9E96-B0F10DBFCC88}.Release|x86.Build.0 = Release|Win32
		{1F54329A-A50A-4EAF-8B87-303565AB45F7}.Debug|x64.ActiveCfg = Debug|x64
		{1F54329A-A50A-4EAF-8B87-303565AB45F7}.Debug|x64.Build.0 = Debug|x64
		{1F54329A-A50A-4EAF-8B87-303565AB45F7}.Debug|x86.ActiveCfg = Debug|Win32
		{1F54329A-A50A-4EAF-8B87-303565AB45F7}.Debug|x86.Build.0 = Debug|Win32
		{1F54329A-A50A-4EAF-8B87-303565AB45F7}.Release|x64.ActiveCfg = Release|x64
		{1F54329A-A50A-4EAF-8B87-303565AB45F7}.Release|x64.Build.0 = Release|x64
		{1F54329A-A50A-4EAF-8B87-303565AB45F7}.Release|x86.ActiveCfg = Release|Win32
		{1F54329A-A50A-4EAF-8B87-303565AB45F7}.Release|x86.Build.0 = Release|Win32
		{C9B63E8F-6052-409D-A4F1-6D4EE57EA423}.Debug|x64.ActiveCfg = Debug|x64
		{C9B63E8F-6052-409D-A4F1-6D4EE57EA423}.Debug|x64.Build.0 = Debug|x64
		{C9B63E8F-6052-409D-A4F1-6D4EE57EA423}.Debug|x86.ActiveCfg = Debug|Win32
		{C9B63E8F-6052-409D-A4F1-6D4EE57EA423}.Debug|x86.Build.0 = Debug|Win32
		{C9B63E8F-6052-409D-A4F1-6D4EE57EA423}.Release|x64.ActiveCfg = Release|x64
		{C9B63E8F-6052-409D-A4F1-6D4EE57EA423}.Release|x64.Build.0 = Release|x64
		{C9B63E8F-6052-409D-A4F1-6D4EE57EA423}.Release|x86.ActiveCfg = Release|Win32
		{C9B63E8F-6052-409D-A4F1-6D4EE57EA423}.Release|x86.Build.0 = Release|Win32
		{802CC822-C866-41BD-802C-7567BF7A9916}.Debug|x64.ActiveCfg = Debug|x64
		{802CC822-C866-41BD-802C-7567BF7A9916}.Debug|x64.Build.0 = Debug|x64
		{802CC822-C866-41BD-802C-7567BF7A9916}.Debug|x86.ActiveCfg = Debug|Win32
		{802CC822-C866-41BD-802C-7567BF7A9916}.Debug|x86.Build.0 = Debug|Win32
		{802CC822-C866-41BD-802C-7567BF7A9916}.Release|x64.ActiveCfg = Release|x64
		{802CC822-C866-41BD-802C-7567BF7A9916}.Release|x64.Build.0 = Release|x64
		{802CC822-C866-41BD-802C-7567BF7A9916}.Release|x86.ActiveCfg = Release|Win32
		{802CC822-C866-41BD-802C-7567BF7A9916}.Release|x86.Build.0 = Release|Win32
		{ED96A111-F564-428E-90E1-562842519908}.Debug|x64.ActiveCfg = Debug|x64
		{ED96A111-F564-428E-90E1-562842519908}.Debug|x64.Build.0 = Debug|x64
		{ED96A111-F564-428E-90E1-562842519908}.Debug|x86.ActiveCfg = Debug|Win32
		{ED96A111-F564-428E-90E1-562842519908}.Debug|x86.Build.0 = Debug|Win32
		{ED96A111-F564-428E-90E1-562842519908}.Release|x64.ActiveCfg = Release|x64
		{ED96A111-F564-428E-90E1-562842519908}.Release|x64.Build.0 = Release|x64
		{ED96A111-F564-428E-90E1-562842519908}.Release|x86.ActiveCfg = Release|Win32
		{ED96A111-F564-428E-90E1-562842519908}.Release|x86.Build.0 = Release|Win32
		{3ED924B5-D8B4-45C1-B3D9-A7E3FE820CE7}.Debug|x64.ActiveCfg = Debug|x64
		{3ED924B5-D8B4-45C1-B3D9-A7E3FE820CE7}.Debug|x64.Build.0 = Debug|x64
		{3ED924B5-D8B4-45C1-B3D9-A7E3FE820CE7}.Debug|x86.ActiveCfg = Debug|Win32
		{3ED924B5-D8B4-45C1-B3D9-A7E3FE820CE7}.Debug|x86.Build.0 = Debug|Win32
		{3ED924B5-D8B4-45C1-B3D9-A7E3FE820CE7}.Release|x64.ActiveCfg = Release|x64
		{3ED924B5-D8B4-45C1-B3D9-A7E3FE820CE7}.Release|x64.Build.0 = Release|x64
		{3ED924B5-D8B4-45C1-B3D9-A7E3FE820CE7}.Release|x86.ActiveCfg = Release|Win32
		{3ED924B5-D8B4-45C1-B3D9-A7E3FE820CE7}.Release|x86.Build.0 = Release|Win32
		{CD599633-DFE6-40EF-9C1B-10B9B6AA0FC9}.Debug|x64.ActiveCfg = Debug|x64
		{CD599633-DFE6-40EF-9C1B-10B9B6AA0FC9}.Debug|x64.Build.0 = Debug|x64
		{CD599633-DFE6-40EF-9C1B-10B9B6AA0FC9}.Debug|x86.ActiveCfg = Debug|Win32
		{CD599633-DFE6-40EF-9C1B-10B9B6AA0FC9}.Debug|x86.Build.0 = Debug|Win32
		{CD599633-DFE6-40EF-9C1B-10B9B6AA0FC9}.Release|x64.ActiveCfg = Release|x64
		{CD599633-DFE6-40EF-9C1B-10B9B6AA0FC9}.Release|x64.Build.0 = Release|x64
		{CD599633-DFE6-40EF-9C1B-10B9B6AA0FC9}.Release|x86.ActiveCfg = Release|Win32
		{CD599633-DFE6-40EF-9C1B-10B9B6AA0FC9}.Release|x86.Build.0 = Release|Win32
		{923BD6AA-2FD0-48FC-9824-C7DEE23B35EC}.Debug|x64.ActiveCfg = Debug|x64
		{923BD6AA-2FD0-48FC-9824-C7DEE23B35EC}.Debug|x64.Build.0 = Debug|x64
		{923BD6AA-2FD0-48FC-9824-C7DEE23B35EC}.Debug|x86.ActiveCfg = Debug|Win32
		{923BD6AA-2FD0-48FC-9824-C7DEE23B35EC}.Debug|x86.Build.0 = Debug|Win32
		{923BD6AA-2FD0-48FC-9824-C7DEE23B35EC}.Release|x64.ActiveCfg = Release|x64
		{923BD6AA-2FD0-48FC-9824-C7DEE23B35EC}.Release|x64.Build.0 = Release|x64
		{923BD6AA-2FD0-48FC-9824-C7DEE23B35EC}.Release|x86.ActiveCfg = Release|Win32
		{923BD6AA-2FD0-48FC-9824-C7DEE23B35EC}.Release|x86.Build.0 = Release|Win32
		{231D08B5-39FD-4D73-9D9D-063D092E061B}.Debug|x64.ActiveCfg = Debug|x64
		{231D08B5-39FD-4D73-9D9D-063D092E061B}.Debug|x64.Build.0 = Debug|x64
		{231D08B5-39FD-4D73-9D9D-063D092E061B}.Debug|x86.ActiveCfg = Debug|Win32
		{231D08B5-39FD-4D73-9D9D-063D092E061B}.Debug|x86.Build.0 = Debug|Win32
		{231D08B5-39FD-4D73-9D9D-063D092E061B}.Release|x64.ActiveCfg = Release|x64
		{231D08B5-39FD-4D73-9D9D-063D092E061B}.Release|x64.Build.0 = Release|x64
		{231D08B5-39FD-4D73-9D9D-063D092E061B}.Release|x86.ActiveCfg = Release|Win32
		{231D08B5-39FD-4D73-9D9D-063D092E061B}.Release|x86.Build.0 = Release|Win32
		{5CBA74EB-6633-46D4-AA05-B59D1A3F2D33}.Debug|x64.ActiveCfg = Debug|x64
		{5CBA74EB-6633-46D4-AA05-B59D1A3F2D33}.Debug|x64.Build.0 = Debug|x64
		{5CBA74EB-6633-46D4-AA05-B59D1A3F2D33}.Debug|x86.ActiveCfg = Debug|Win32
		{5CBA74EB-6633-46D4-AA05-B59D1A3F2D33}.Debug|x86.Build.0 = Debug|Win32
		{5CBA74EB-6633-46D4-AA05-B59D1A3F2D33}.Release|x64.ActiveCfg = Release|x64
		{5CBA74EB-6633-46D4-AA05-B59D1A3F2D33}.Release|x64.Build.0 = Release|x64
		{5CBA74EB-6633-46D4-AA05-B59D1A3F2D33}.Release|x86.ActiveCfg = Release|Win32
		{5CBA74EB-6633-46D4-AA05-B59D1A3F2D33}.Release|x86.Build.0 = Release|Win32
		{A15F4E4C-3694-4CF6-986B-B4F3A15983C8}.Debug|x64.ActiveCfg = Debug|x64
		{A15F4E4C-3694-4CF6-986B-B4F3A15983C8}.Debug|x64.Build.0 = Debug|x64
		{A15F4E4C-3694-4CF6-986B-B4F3A15983C8}.Debug|x86.ActiveCfg = Debug|Win32
		{A15F4E4C-3694-4CF6-986B-B4F3A15983C8}.Debug|x86.Build.0 = Debug|Win32
		{A15F4E4C-3694-4CF6-986B-B4F3A15983C8}.Release|x64.ActiveCfg = Release|x64
		{A15F4E4C-3694-4CF6-986B-B4F3A15983C8}.Release|x64.Build.0 = Release|x64
		{A15F4E4C-3694-4CF6-986B-B4F3A15983C8}.Release|x86.ActiveCfg = Release|Win32
		{A15F4E4C-3694-4CF6-986B-B4F3A15983C8}.Release|x86.Build.0 = Release|Win32
		{3EC1B75A-23F0-4890-9E9F-5125D4774EF0}.Debug|x64.ActiveCfg = Debug|x64
		{3EC1B75A-23F0-4890-9E9F-5125D4774EF0}.Debug|x64.Build.0 = Debug|x64
		{3EC1B75A-23F0-4890-9E9F-5125D4774EF0}.Debug|x86.ActiveCfg = Debug|Win32
		{3EC1B75A-23F0-4890-9E9F-5125D4774EF0}.Debug|x86.Build.0 = Debug|Win32
		{3EC1B75A-23F0-4890-9E9F-5125D4774EF0}.Release|x64.ActiveCfg = Release|x64
		{3EC1B75A-23F0-4890-9E9F-5125D4774EF0}.Release|x64.Build.0 = Release|x64
		{3EC1B75A-23F0-4890-9E9F-5125D4774EF0}.Release|x86.ActiveCfg = Release|Win32
		{3EC1B75A-23F0-4890-9E9F-5125D4774EF0}.Release|x86.Build.0 = Release|Win32
		{4471A9CD-AFF8-4B7B-813E-05845BDC3659}.Debug|x64.ActiveCfg = Debug|x64
		{4471A9CD-AFF8-4B7B-813E-05845BDC3659}.Debug|x64.Build.0 = Debug|x64
		{4471A9CD-AFF8-4B7B-813E-05845BDC3659}.Debug|x86.ActiveCfg = Debug|Win32
		{4471A9CD-AFF8-4B7B-813E-05845BDC3659}.Debug|x86.Build.0 = Debug|Win32
		{4471A9CD-AFF8-4B7B-813E-05845BDC3659}.Release|x64.ActiveCfg = Release|x64
		{4471A9CD-AFF8-4B7B-813E-05845BDC3659}.Release|x64.Build.0 = Release|x64
		{4471A9CD-AFF8-4B7B-813E-05845BDC3659}.Release|x86.ActiveCfg = Release|Win32
		{4471A9CD-AFF8-4B7B-813E-05845BDC3659}.Release|x86.Build.0 = Release|Win32
		{3DE71876-6AC7-4F69-BE96-0137F9A8745E}.Debug|x64.ActiveCfg = Debug|x64
		{3DE71876-6AC7-4F69-BE96-0137F9A8745E}.Debug|x64.Build.0 = Debug|x64
		{3DE71876-6AC7-4F69-BE96-0137F9A8745E}.Debug|x86.ActiveCfg = Debug|Win32
		{3DE71876-6AC7-4F69-BE96-0137F9A8745E}.Debug|x86.Build.0 = Debug|Win32
		{3DE71876-6AC7-4F69-BE96-0137F9A8745E}.Release|x64.ActiveCfg = Release|x64
		{3DE71876-6AC7-4F69-BE96-0137F9A8745E}.Release|x64.Build.0 = Release|x64
		{3DE71876-6AC7-4F69-BE96-0137F9A8745E}.Release|x86.ActiveCfg = Release|Win32
		{3DE71876-6AC7-4F69-BE96-0137F9A8745E}.Release|x86.Build.0 = Release|Win32
		{0A71FD52-F929-4D0B-A159-3C6F9E299953}.Debug|x64.ActiveCfg = Debug|x64
		{0A71FD52-F929-4D0B-A159-3C6F9E299953}.Debug|x64.Build.0 = Debug|x64
		{0A71FD52-F929-4D0B-A159-3C6F9E299953}.Debug|x86.ActiveCfg = Debug|Win32
		{0A71FD52-F929-4D0B-A159-3C6F9E299953}.Debug|x86.Build.0 = Debug|Win32
		{0A71FD52-F929-4D0B-A159-3C6F9E299953}.Release|x64.ActiveCfg = Release|x64
		{0A71FD52-F929-4D0B-A159-3C6F9E299953}.Release|x64.Build.0 = Release|x64
		{0A71FD52-F929-4D0B-A159-3C6F9E299953}.Release|x86.ActiveCfg = Release|Win32
		{0A71FD52-F929-4D0B-A159-3C6F9E299953}.Release|x86.Build.0 = Release|Win32
		{995930AD-17BE-4107-B411-9EC3BBFAA808}.Debug|x64.ActiveCfg = Debug|x64
		{995930AD-17BE-4107-B411-9EC3BBFAA808}.Debug|x64.Build.0 = Debug|x64
		{995930AD-17BE-4107-B411-9EC3BBFAA808}.Debug|x86.ActiveCfg = Debug|Win32
		{995930AD-17BE-4107-B411-9EC3BBFAA808}.Debug|x86.Build.0 = Debug|Win32
		{995930AD-17BE-4107-B411-9EC3BBFAA808}.Release|x64.ActiveCfg = Release|x64
		{995930AD-17BE-4107-B411-9EC3BBFAA808}.Release|x64.Build.0 = Release|x64
		{995930AD-17BE-4107-B411-9EC3BBFAA808}.Release|x86.ActiveCfg = Release|Win32
		{995930AD-17BE-4107-B411-9EC3BBFAA808}.Release|x86.Build.0 = Release|Win32
		{10073C8C-3E15-4108-A6C0-ECB5F901BC70}.Debug|x64.ActiveCfg = Debug|x64
		{10073C8C-3E15-4108-A6C0-ECB5F901BC70}.Debug|x64.Build.0 = Debug|x64
		{10073C8C-3E15-4108-A6C0-ECB5F901BC70}.Debug|x86.ActiveCfg = Debug|Win32
		{10073C8C-3E15-4108-A6C0-ECB5F901BC70}.Debug|x86.Build.0 = Debug|Win32
		{10073C8C-3E15-4108-A6C0-ECB5F901BC70}.Release|x64.ActiveCfg = Release|x64
		{10073C8C-3E15-4108-A6C0-ECB5F901BC70}.Release|x64.Build.0 = Release|x64
		{10073C8C-3E15-4108-A6C0-ECB5F901BC70}.Release|x86.ActiveCfg = Release|Win32
		{10073C8C-3E15-4108-A6C0-ECB5F901BC70}.Release|x86.Build.0 = Release|Win32
		{2C4D0586-9FB7-4FC8-BA4B-3A4DFDCA66CC}.Debug|x64.ActiveCfg = Debug|x64
		{2C4D0586-9FB7-4FC8-BA4B-3A4DFDCA66CC}.Debug|x64.Build.0 = Debug|x64
		{2C4D0586-9FB7-4FC8-BA4B-3A4DFDCA66CC}.Debug|x86.ActiveCfg = Debug|Win32
		{2C4D0586-9FB7-4FC8-BA4B-3A4DFDCA66CC}.Debug|x86.Build.0 = Debug|Win32
		{2C4D0586-9FB7-4FC8-BA4B-3A4DFDCA66CC}.Release|x64.ActiveCfg = Release|x64
		{2C4D0586-9FB7-4FC8-BA4B-3A4DFDCA66CC}.Release|x64.Build.0 = Release|x64
		{2C4D0586-9FB7-4FC8-BA4B-3A4DFDCA66CC}.Release|x86.ActiveCfg = Release|Win32
		{2C4D0586-9FB7-4FC8-BA4B-3A4DFDCA66CC}.Release|x86.Build.0 = Release|Win32
		{89E8A189-9B3C-4188-93C7-D8361389CC97}.Debug|x64.ActiveCfg = Debug|x64
		{89E8A189-9B3C-4188-93C7-D8361389CC97}.Debug|x64.Build.0 = Debug|x64
		{89E8A189-9B3C-4188-93C7-D8361389CC97}.Debug|x86.ActiveCfg = Debug|Win32
		{89E8A189-9B3C-4188-93C7-D8361389CC97}.Debug|x86.Build.0 = Debug|Win32
		{89E8A189-9B3C-4188-93C7-D8361389CC97}.Release|x64.ActiveCfg = Release|x64
		{89E8A189-9B3C-4188-93C7-D8361389CC97}.Release|x64.Build.0 = Release|x64
		{89E8A189-9B3C-4188-93C7-D8361389CC97}.Release|x86.ActiveCfg = Release|Win32
		{89E8A189-9B3C-4188-93C7-D8361389CC97}.Release|x86.Build.0 = Release|Win32
		{603ED87F-629E-4B62-8AEE-1D6BCBFC7427}.Debug|x64.ActiveCfg = Debug|x64
		{603ED87F-629E-4B62-8AEE-1D6BCBFC7427}.Debug|x64.Build.0 = Debug|x64
		{603ED87F-629E-4B62-8AEE-1D6BCBFC7427}.Debug|x86.ActiveCfg = Debug|Win32
		{603ED87F-629E-4B62-8AEE-1D6BCBFC7427}.Debug|x86.Build.0 = Debug|Win32
		{603ED87F-629E-4B62-8AEE-1D6BCBFC7427}.Release|x64.ActiveCfg = Release|x64
		{603ED87F-629E-4B62-8AEE-1D6BCBFC7427}.Release|x64.Build.0 = Release|x64
		{603ED87F-629E-4B62-8AEE-1D6BCBFC7427}.Release|x86.ActiveCfg = Release|Win32
		{603ED87F-629E-4B62-8AEE-1D6BCBFC7427}.Release|x86.Build.0 = Release|Win32
		{F717A629-036B-4FA7-9EFD-54CDA49C3996}.Debug|x64.ActiveCfg = Debug|x64
		{F717A629-036B-4FA7-9EFD-54CDA49C3996}.Debug|x64.Build.0 = Debug|x64
		{F717A629-036B-4FA7-9EFD-54CDA49C3996}.Debug|x86.ActiveCfg = Debug|Win32
		{F717A629-036B-4FA7-9EFD-54CDA49C3996}.Debug|x86.Build.0 = Debug|Win32
		{F717A629-036B-4FA7-9EFD-54CDA49C3996}.Release|x64.ActiveCfg = Release|x64
		{F717A629-036B-4FA7-9EFD-54CDA49C3996}.Release|x64.Build.0 = Release|x64
		{F717A629-036B-4FA7-9EFD-54CDA49C3996}.Release|x86.ActiveCfg = Release|Win32
		{F717A629-036B-4FA7-9EFD-54CDA49C3996}.Release|x86.Build.0 = Release|Win32
		{D7D7001C-AB7B-432C-8EF5-9438C61011FE}.Debug|x64.ActiveCfg = Debug|x64
		{D7D7001C-AB7B-432C-8EF5-9438C61011FE}.Debug|x64.Build.0 = Debug|x64
		{D7D7001C-AB7B-432C-8EF5-9438C61011FE}.Debug|x86.ActiveCfg = Debug|Win32
		{D7D7001C-AB7B-432C-8EF5-9438C61011FE}.Debug|x86.Build.0 = Debug|Win32
		{D7D7001C-AB7B-432C-8EF5-9438C61011FE}.Release|x64.ActiveCfg = Release|x64
		{D7D7001C-AB7B-432C-8EF5-9438C61011FE}.Release|x64.Build.0 = Release|x64
		{D7D7001C-AB7B-432C-8EF5-9438C61011FE}.Release|x86.ActiveCfg = Release|Win32
		{D7D7001C-AB7B-432C-8EF5-9438C61011FE}.Release|x86.Build.0 = Release|Win32
		{F930CAAF-2B80-4182-BFC0-1A93217901E0}.Debug|x64.ActiveCfg = Debug|x64
		{F930CAAF-2B80-4182-BFC0-1A93217901E0}.Debug|x64.Build.0 = Debug|x64
		{F930CAAF-2B80-4182-BFC0-1A93217901E0}.Debug|x86.ActiveCfg = Debug|Win32
		{F930CAAF-2B80-4182-BFC0-1A93217901E0}.Debug|x86.Build.0 = Debug|Win32
		{F930CAAF-2B80-4182-BFC0-1A93217901E0}.Release|x64.ActiveCfg = Release|x64
		{F930CAAF-2B80-4182-BFC0-1A93217901E0}.Release|x64.Build.0 = Release|x64
		{F930CAAF-2B80-4182-BFC0-1A93217901E0}.Release|x86.ActiveCfg = Release|Win32
		{F930CAAF-2B80-4182-BFC0-1A93217901E0}.Release|x86.Build.0 = Release|Win32
		{3DB763D9-9E5E-4165-8DDF-687CD1A5C2F2}.Debug|x64.ActiveCfg = Debug|x64
		{3DB763D9-9E5E-4165-8DDF-687CD1A5C2F2}.Debug|x64.Build.0 = Debug|x64
		{3DB763D9-9E5E-4165-8DDF-687CD1A5C2F2}.Debug|x86.ActiveCfg = Debug|Win32
		{3DB763D9-9E5E-4165-8DDF-687CD1A5C2F2}.Debug|x86.Build.0 = Debug|Win32
		{3DB763D9-9E5E-4165-8DDF-687CD1A5C2F2}.Release|x64.ActiveCfg = Release|x64
		{3DB763D9-9E5E-4165-8DDF-687CD1A5C2F2}.Release|x64.Build.0 = Release|x64
		{3DB763D9-9E5E-4165-8DDF-687CD1A5C2F2}.Release|x86.ActiveCfg = Release|Win32
		{3DB763D9-9E5E-4165-8DDF-687CD1A5C2F2}.Release|x86.Build.0 = Release|Win32
		{5EBD3F57-CCEE-4078-8C86-417C1DD93595}.Debug|x64.ActiveCfg = Debug|x64
		{5EBD3F57-CCEE-4078-8C86-417C1DD93595}.Debug|x64.Build.0 = Debug|x64
		{5EBD3F57-CCEE-4078-8C86-417C1DD93595}.Debug|x86.ActiveCfg = Debug|Win32
		{5EBD3F57-CCEE-4078-8C86-417C1DD93595}.Debug|x86.Build.0 = Debug|Win32
		{5EBD3F57-CCEE-4078-8C86-417C1DD93595}.Release|x64.ActiveCfg = Release|x64
		{5EBD3F57-CCEE-4078-8C86-417C1DD93595}.Release|x64.Build.0 = Release|x64
		{5EBD3F57-CCEE-4078-8C86-417C1DD93595}.Release|x86.ActiveCfg = Release|Win32
		{5EBD3F57-CCEE-4078-8C86-417C1DD93595}.Release|x86.Build.0 = Release|Win32
		{2F1D15E7-BEC6-4AA5-B687-9958CBC71B16}.Debug|x64.ActiveCfg = Debug|x64
		{2F1D15E7-BEC6-4AA5-B687-9958CBC71B16}.Debug|x64.Build.0 = Debug|x64
		{2F1D15E7-BEC6-4AA5-B687-9958CBC71B16}.Debug|x86.ActiveCfg = Debug|Win32
		{2F1D15E7-BEC6-4AA5-B687-9958CBC71B16}.Debug|x86.Build.0 = Debug|Win32
		{2F1D15E7-BEC6-4AA5-B687-9958CBC71B16}.Release|x64.ActiveCfg = Release|x64
		{2F1D15E7-BEC6-4AA5-B687-9958CBC71B16}.Release|x64.Build.0 = Release|x64
		{2F1D15E7-BEC6-4AA5-B687-9958CBC71B16}.Release|x86.ActiveCfg = Release|Win32
		{2F1D15E7-BEC6-4AA5-B687-9958CBC71B16}.Release|x86.Build.0 = Release|Win32
		{1D63EC63-9427-40A8-8AC7-809769DB2328}.Debug|x64.ActiveCfg = Debug|x64
		{1D63EC63-9427-40A8-8AC7-809769DB2328}.Debug|x64.Build.0 = Debug|x64
		{1D63EC63-9427-40A8-8AC7-809769DB2328}.Debug|x86.ActiveCfg = Debug|Win32
		{1D63EC63-9427-40A8-8AC7-809769DB2328}.Debug|x86.Build.0 = Debug|Win32
		{1D63EC63-9427-40A8-8AC7-809769DB2328}.Release|x64.ActiveCfg = Release|x64
		{1D63EC63-9427-40A8-8AC7-809769DB2328}.Release|x64.Build.0 = Release|x64
		{1D63EC63-9427-40A8-8AC7-809769DB2328}.Release|x86.ActiveCfg = Release|Win32
		{1D63EC63-9427-40A8-8AC7-809769DB2328}.Release|x86.Build.0 = Release|Win32
		{3109069C-1732-4E08-88C9-DA34ED714EAC}.Debug|x64.ActiveCfg = Debug|x64
		{3109069C-1732-4E08-88C9-DA34ED714EAC}.Debug|x64.Build.0 = Debug|x64
		{3109069C-1732-4E08-88C9-DA34ED714EAC}.Debug|x86.ActiveCfg = Debug|Win32
		{3109069C-1732-4E08-88C9-DA34ED714EAC}.Debug|x86.Build.0 = Debug|Win32
		{3109069C-1732-4E08-88C9-DA34ED714EAC}.Release|x64.ActiveCfg = Release|x64
		{3109069C-1732-4E08-88C9-DA34ED714EAC}.Release|x64.Build.0 = Release|x64
		{3109069C-1732-4E08-88C9-DA34ED714EAC}.Release|x86.ActiveCfg = Release|Win32
		{3109069C-1732-4E08-88C9-DA34ED714EAC}.Release|x86.Build.0 = Release|Win32
		{B0253ECC-4992-48D9-9BAD-906148E14382}.Debug|x64.ActiveCfg = Debug|x64
		{B0253ECC-4992-48D9-9BAD-906148E14382}.Debug|x64.Build.0 = Debug|x64
		{B0253ECC-4992-48D9-9BAD-906148E14382}.Debug|x86.ActiveCfg = Debug|Win32
		{B0253ECC-4992-48D9-9BAD-906148E14382}.Debug|x86.Build.0 = Debug|Win32
		{B0253ECC-4992-48D9-9BAD-906148E14382}.Release|x64.ActiveCfg = Release|x64
		{B0253ECC-4992-48D9-9BAD-906148E14382}.Release|x64.Build.0 = Release|x64
		{B0253ECC-4992-48D9-9BAD-906148E14382}.Release|x86.ActiveCfg = Release|Win32
		{B0253ECC-4992-48D9-9BAD-906148E14382}.Release|x86.Build.0 = Release|Win32
		{BAEA820E-ACD9-4329-BF46-1D057D2969AF}.Debug|x64.ActiveCfg = Debug|x64
		{BAEA820E-ACD9-4329-BF46-1D057D2969AF}.Debug|x64.Build.0 = Debug|x64
		{BAEA820E-ACD9-4329-BF46-1D057D2969AF}.Debug|x86.ActiveCfg = Debug|Win32
		{BAEA820E-ACD9-4329-BF46-1D057D2969AF}.Debug|x86.Build.0 = Debug|Win32
		{BAEA820E-ACD9-4329-BF46-1D057D2969AF}.Release|x64.ActiveCfg = Release|x64
		{BAEA820E-ACD9-4329-BF46-1D057D2969AF}.Release|x64.Build.0 = Release|x64
		{BAEA820E-ACD9-4329-BF46-1D057D2969AF}.Release|x86.ActiveCfg = Release|Win32
		{BAEA820E-ACD9-4329-BF46-1D057D2969AF}.Release|x86.Build.0 = Release|Win32
		{6FCA16E9-22C9-4E76-AFCA-A69273EF7FA4}.Debug|x64.ActiveCfg = Debug|x64
		{6FCA16E9-22C9-4E76-AFCA-A69273EF7FA4}.Debug|x64.Build.0 = Debug|x64
		{6FCA16E9-22C9-4E76-AFCA-A69273EF7FA4}.Debug|x86.ActiveCfg = Debug|Win32
		{6FCA16E9-22C9-4E76-AFCA-A69273EF7FA4}.Debug|x86.Build.0 = Debug|Win32
		{6FCA16E9-22C9-4E76-AFCA-A69273EF7FA4}.Release|x64.ActiveCfg = Release|x64
		{6FCA16E9-22C9-4E76-AFCA-A69273EF7FA4}.Release|x64.Build.0 = Release|x64
		{6FCA16E9-22C9-4E76-AFCA-A69273EF7FA4}.Release|x86.ActiveCfg = Release|Win32
		{6FCA16E9-22C9-4E76-AFCA-A69273EF7FA4}.Release|x86.Build.0 = Release|Win32
		{CC48B036-2066-418D-898F-FCD59660FDA3}.Debug|x64.ActiveCfg = Debug|x64
		{CC48B036-2066-418D-898F-FCD59660FDA3}.Debug|x64.Build.0 = Debug|x64
		{CC48B036-2066-418D-898F-FCD59660FDA3}.Debug|x86.ActiveCfg = Debug|Win32
		{CC48B036-2066-418D-898F-FCD59660FDA3}.Debug|x86.Build.0 = Debug|Win32
		{CC48B036-2066-418D-898F-FCD59660FDA3}.Release|x64.ActiveCfg = Release|x64
		{CC48B036-2066-418D-898F-FCD59660FDA3}.Release|x64.Build.0 = Release|x64
		{CC48B036-2066-418D-898F-FCD59660FDA3}.Release|x86.ActiveCfg = Release|Win32
		{CC48B036-2066-418D-898F-FCD59660FDA3}.Release|x86.Build.0 = Release|Win32
		{BF71CA32-CBE8-4519-AF28-3373340213C8}.Debug|x64.ActiveCfg = Debug|x64
		{BF71CA32-CBE8-4519-AF28-3373340213C8}.Debug|x64.Build.0 = Debug|x64
		{BF71CA32-CBE8-4519-AF28-3373340213C8}.Debug|x86.ActiveCfg = Debug|Win32
		{BF71CA32-CBE8-4519-AF28-3373340213C8}.Debug|x86.Build.0 = Debug|Win32
		{BF71CA32-CBE8-4519-AF28-3373340213C8}.Release|x64.ActiveCfg = Release|x64
		{BF71CA32-CBE8-4519-AF28-3373340213C8}.Release|x64.Build.0 = Release|x64
		{BF71CA32-CBE8-4519-AF28-3373340213C8}.Release|x86.ActiveCfg = Release|Win32
		{BF71CA32-CBE8-4519-AF28-3373340213C8}.Release|x86.Build.0 = Release|Win32
		{0EB2FF2F-D349-4A38-87B2-B3AFA6D893E6}.Debug|x64.ActiveCfg = Debug|x64
		{0EB2FF2F-D349-4A38-87B2-B3AFA6D893E6}.Debug|x64.Build.0 = Debug|x64
		{0EB2FF2F-D349-4A38-87B2-B3AFA6D893E6}.Debug|x86.ActiveCfg = Debug|Win32
		{0EB2FF2F-D349-4A38-87B2-B3AFA6D893E6}.Debug|x86.Build.0 = Debug|Win32
		{0EB2FF2F-D349-4A38-87B2-B3AFA6D893E6}.Release|x64.ActiveCfg = Release|x64
		{0EB2FF2F-D349-4A38-87B2-B3AFA6D893E6}.Release|x64.Build.0 = Release|x64
		{0EB2FF2F-D349-4A38-87B2-B3AFA6D893E6}.Release|x86.ActiveCfg = Release|Win32
		{0EB2FF2F-D349-4A38-87B2-B3AFA6D893E6}.Release|x86.Build.0 = Release|Win32
		{8D3DEF4E-39E2-4A5A-8AE0-6F31C7EB5732}.Debug|x64.ActiveCfg = Debug|x64
		{8D3DEF4E-39E2-4A5A-8AE0-6F31C7EB5732}.Debug|x64.Build.0 = Debug|x64
		{8D3DEF4E-39E2-4A5A-8AE0-6F31C7EB5732}.Debug|x86.ActiveCfg = Debug|Win32
		{8D3DEF4E-39E2-4A5A-8AE0-6F31C7EB5732}.Debug|x86.Build.0 = Debug|Win32
		{8D3DEF4E-39E2-4A5A-8AE0-6F31C7EB5732}.Release|x64.ActiveCfg = Release|x64
		{8D3DEF4E-39E2-4A5A-8AE0-6F31C7EB5732}.Release|x64.Build.0 = Release|x64
		{8D3DEF4E-39E2-4A5A-8AE0-6F31C7EB5732}.Release|x86.ActiveCfg = Release|Win32
		{8D3DEF4E-39E2-4A5A-8AE0-6F31C7EB5732}.Release|x86.Build.0 = Release|Win32
		{E42B8107-B558-49C0-B8A7-C6DDE4AF1952}.Debug|x64.ActiveCfg = Debug|x64
		{E42B8107-B558-49C0-B8A7-C6DDE4AF1952}.Debug|x64.Build.0 = Debug|x64
		{E42B8107-B558-49C0-B8A7-C6DDE4AF1952}.Debug|x86.ActiveCfg = Debug|Win32
		{E42B8107-B558-49C0-B8A7-C6DDE4AF1952}.Debug|x86.Build.0 = Debug|Win32
		{E42B8107-B558-49C0-B8A7-C6DDE4AF1952}.Release|x64.ActiveCfg = Release|x64
		{E42B8107-B558-49C0-B8A7-C6DDE4AF1952}.Release|x64.Build.0 = Release|x64
		{E42B8107-B558-49C0-B8A7-C6DDE4AF1952}.Release|x86.ActiveCfg = Release|Win32
		{E42B8107-B558-49C0-B8A7-C6DDE4AF1952}.Release|x86.Build.0 = Release|Win32
		{BCC2CCD2-4C7C-4CF6-A80D-3183F699B800}.Debug|x64.ActiveCfg = Debug|x64
		{BCC2CCD2-4C7C-4CF6-A80D-3183F699B800}.Debug|x64.Build.0 = Debug|x64
		{BCC2CCD2-4C7C-4CF6-A80D-3183F699B800}.Debug|x86.ActiveCfg = Debug|Win32
		{BCC2CCD2-4C7C-4CF6-A80D-3183F699B800}.Debug|x86.Build.0 = Debug|Win32
		{BCC2CCD2-4C7C-4CF6-A80D-3183F699B800}.Release|x64.ActiveCfg = Release|x64
		{BCC2CCD2-4C7C-4CF6-A80D-3183F699B800}.Release|x64.Build.0 = Release|x64
		{BCC2CCD2-4C7C-4CF6-A80D-3183F699B800}.Release|x86.ActiveCfg = Release|Win32
		{BCC2CCD2-4C7C-4CF6-A80D-3183F699B800}.Release|x86.Build.0 = Release|Win32
		{9F160EFD-962B-4C09-AF40-A54F03701ECC}.Debug|x64.ActiveCfg = Debug|x64
		{9F160EFD-962B-4C09-AF40-A54F03701ECC}.Debug|x64.Build.0 = Debug|x64
		{9F160EFD-962B-4C09-AF40-A54F03701ECC}.Debug|x86.ActiveCfg = Debug|Win32
		{9F160EFD-962B-4C09-AF40-A54F03701ECC}.Debug|x86.Build.0 = Debug|Win32
		{9F160EFD-962B-4C09-AF40-A54F03701ECC}.Release|x64.ActiveCfg = Release|x64
		{9F160EFD-962B-4C09-AF40-A54F03701ECC}.Release|x64.Build.0 = Release|x64
		{9F160EFD-962B-4C09-AF40-A54F03701ECC}.Release|x86.ActiveCfg = Release|Win32
		{9F160EFD-962B-4C09-AF40-A54F03701ECC}.Release|x86.Build.0 = Release|Win32
		{01FB1EE0-658E-4B1C-938E-421839062D82}.Debug|x64.ActiveCfg = Debug|x64
		{01FB1EE0-658E-4B1C-938E-421839062D82}.Debug|x64.Build.0 = Debug|x64
		{01FB1EE0-658E-4B1C-938E-421839062D82}.Debug|x86.ActiveCfg = Debug|Win32
		{01FB1EE0-658E-4B1C-938E-421839062D82}.Debug|x86.Build.0 = Debug|Win32
		{01FB1EE0-658E-4B1C-938E-421839062D82}.Release|x64.ActiveCfg = Release|x64
		{01FB1EE0-658E-4B1C-938E-421839062D82}.Release|x64.Build.0 = Release|x64
		{01FB1EE0-658E-4B1C-938E-421839062D82}.Release|x86.ActiveCfg = Release|Win32
		{01FB1EE0-658E-4B1C-938E-421839062D82}.Release|x86.Build.0 = Release|Win32
		{CC6F28AB-254C-42C1-9861-07B4930A85B9}.Debug|x64.ActiveCfg = Debug|x64
		{CC6F28AB-254C-42C1-9861-07B4930A85B9}.Debug|x64.Build.0 = Debug|x64
		{CC6F28AB-254C-42C1-9861-07B4930A85B9}.Debug|x86.ActiveCfg = Debug|Win32
		{CC6F28AB-254C-42C1-9861-07B4930A85B9}.Debug|x86.Build.0 = Debug|Win32
		{CC6F28AB-254C-42C1-9861-07B4930A85B9}.Release|x64.ActiveCfg = Release|x64
		{CC6F28AB-254C-42C1-9861-07B4930A85B9}.Release|x64.Build.0 = Release|x64
		{CC6F28AB-254C-42C1-9861-07B4930A85B9}.Release|x86.ActiveCfg = Release|Win32
		{CC6F28AB-254C-42C1-9861-07B4930A85B9}.Release|x86.Build.0 = Release|Win32
	EndGlobalSection
	GlobalSection(SolutionProperties) = preSolution
		HideSolutionNode = FALSE
	EndGlobalSection
	GlobalSection(ExtensibilityGlobals) = postSolution
		SolutionGuid = {2A2BFFA7-7DB2-4E19-B760-D34516762F03}
	EndGlobalSection
EndGlobal
